// !$*UTF8*$!
{
	archiveVersion = 1;
	classes = {
	};
	objectVersion = 46;
	objects = {

/* Begin PBXBuildFile section */
		A9A508AE17134B1D0029530C /* UIKit.framework in Frameworks */ = {isa = PBXBuildFile; fileRef = A9A508AD17134B1D0029530C /* UIKit.framework */; };
		A9A508B017134B1D0029530C /* Foundation.framework in Frameworks */ = {isa = PBXBuildFile; fileRef = A9A508AF17134B1D0029530C /* Foundation.framework */; };
		A9A508B217134B1D0029530C /* CoreGraphics.framework in Frameworks */ = {isa = PBXBuildFile; fileRef = A9A508B117134B1D0029530C /* CoreGraphics.framework */; };
		A9A508B817134B1D0029530C /* InfoPlist.strings in Resources */ = {isa = PBXBuildFile; fileRef = A9A508B617134B1D0029530C /* InfoPlist.strings */; };
		A9A508BA17134B1D0029530C /* main.m in Sources */ = {isa = PBXBuildFile; fileRef = A9A508B917134B1D0029530C /* main.m */; };
		A9A508BE17134B1D0029530C /* MSAppDelegate.m in Sources */ = {isa = PBXBuildFile; fileRef = A9A508BD17134B1D0029530C /* MSAppDelegate.m */; };
		A9A508C017134B1D0029530C /* Default.png in Resources */ = {isa = PBXBuildFile; fileRef = A9A508BF17134B1D0029530C /* Default.png */; };
		A9A508C217134B1D0029530C /* Default@2x.png in Resources */ = {isa = PBXBuildFile; fileRef = A9A508C117134B1D0029530C /* Default@2x.png */; };
		A9A508C417134B1D0029530C /* Default-568h@2x.png in Resources */ = {isa = PBXBuildFile; fileRef = A9A508C317134B1D0029530C /* Default-568h@2x.png */; };
		A9A508C717134B1D0029530C /* MainStoryboard.storyboard in Resources */ = {isa = PBXBuildFile; fileRef = A9A508C517134B1D0029530C /* MainStoryboard.storyboard */; };
		A9A508D217134B530029530C /* MSNavigationSwipeController.m in Sources */ = {isa = PBXBuildFile; fileRef = A9A508D117134B530029530C /* MSNavigationSwipeController.m */; };
/* End PBXBuildFile section */

/* Begin PBXFileReference section */
		A9A508AA17134B1D0029530C /* MSNavigationSwipeControllerDemo.app */ = {isa = PBXFileReference; explicitFileType = wrapper.application; includeInIndex = 0; path = MSNavigationSwipeControllerDemo.app; sourceTree = BUILT_PRODUCTS_DIR; };
		A9A508AD17134B1D0029530C /* UIKit.framework */ = {isa = PBXFileReference; lastKnownFileType = wrapper.framework; name = UIKit.framework; path = System/Library/Frameworks/UIKit.framework; sourceTree = SDKROOT; };
		A9A508AF17134B1D0029530C /* Foundation.framework */ = {isa = PBXFileReference; lastKnownFileType = wrapper.framework; name = Foundation.framework; path = System/Library/Frameworks/Foundation.framework; sourceTree = SDKROOT; };
		A9A508B117134B1D0029530C /* CoreGraphics.framework */ = {isa = PBXFileReference; lastKnownFileType = wrapper.framework; name = CoreGraphics.framework; path = System/Library/Frameworks/CoreGraphics.framework; sourceTree = SDKROOT; };
		A9A508B517134B1D0029530C /* MSNavigationSwipeControllerDemo-Info.plist */ = {isa = PBXFileReference; lastKnownFileType = text.plist.xml; path = "MSNavigationSwipeControllerDemo-Info.plist"; sourceTree = "<group>"; };
		A9A508B717134B1D0029530C /* en */ = {isa = PBXFileReference; lastKnownFileType = text.plist.strings; name = en; path = en.lproj/InfoPlist.strings; sourceTree = "<group>"; };
		A9A508B917134B1D0029530C /* main.m */ = {isa = PBXFileReference; lastKnownFileType = sourcecode.c.objc; path = main.m; sourceTree = "<group>"; };
		A9A508BB17134B1D0029530C /* MSNavigationSwipeControllerDemo-Prefix.pch */ = {isa = PBXFileReference; lastKnownFileType = sourcecode.c.h; path = "MSNavigationSwipeControllerDemo-Prefix.pch"; sourceTree = "<group>"; };
		A9A508BC17134B1D0029530C /* MSAppDelegate.h */ = {isa = PBXFileReference; lastKnownFileType = sourcecode.c.h; path = MSAppDelegate.h; sourceTree = "<group>"; };
		A9A508BD17134B1D0029530C /* MSAppDelegate.m */ = {isa = PBXFileReference; lastKnownFileType = sourcecode.c.objc; path = MSAppDelegate.m; sourceTree = "<group>"; };
		A9A508BF17134B1D0029530C /* Default.png */ = {isa = PBXFileReference; lastKnownFileType = image.png; path = Default.png; sourceTree = "<group>"; };
		A9A508C117134B1D0029530C /* Default@2x.png */ = {isa = PBXFileReference; lastKnownFileType = image.png; path = "Default@2x.png"; sourceTree = "<group>"; };
		A9A508C317134B1D0029530C /* Default-568h@2x.png */ = {isa = PBXFileReference; lastKnownFileType = image.png; path = "Default-568h@2x.png"; sourceTree = "<group>"; };
		A9A508C617134B1D0029530C /* en */ = {isa = PBXFileReference; lastKnownFileType = file.storyboard; name = en; path = en.lproj/MainStoryboard.storyboard; sourceTree = "<group>"; };
		A9A508D017134B530029530C /* MSNavigationSwipeController.h */ = {isa = PBXFileReference; fileEncoding = 4; lastKnownFileType = sourcecode.c.h; name = MSNavigationSwipeController.h; path = MSNavigationSwipeController/MSNavigationSwipeController.h; sourceTree = SOURCE_ROOT; };
		A9A508D117134B530029530C /* MSNavigationSwipeController.m */ = {isa = PBXFileReference; fileEncoding = 4; lastKnownFileType = sourcecode.c.objc; name = MSNavigationSwipeController.m; path = MSNavigationSwipeController/MSNavigationSwipeController.m; sourceTree = SOURCE_ROOT; };
/* End PBXFileReference section */

/* Begin PBXFrameworksBuildPhase section */
		A9A508A717134B1D0029530C /* Frameworks */ = {
			isa = PBXFrameworksBuildPhase;
			buildActionMask = 2147483647;
			files = (
				A9A508AE17134B1D0029530C /* UIKit.framework in Frameworks */,
				A9A508B017134B1D0029530C /* Foundation.framework in Frameworks */,
				A9A508B217134B1D0029530C /* CoreGraphics.framework in Frameworks */,
			);
			runOnlyForDeploymentPostprocessing = 0;
		};
/* End PBXFrameworksBuildPhase section */

/* Begin PBXGroup section */
		A9A508A117134B1D0029530C = {
			isa = PBXGroup;
			children = (
				A9A508B317134B1D0029530C /* MSNavigationSwipeControllerDemo */,
				A9A508AC17134B1D0029530C /* Frameworks */,
				A9A508AB17134B1D0029530C /* Products */,
			);
			sourceTree = "<group>";
		};
		A9A508AB17134B1D0029530C /* Products */ = {
			isa = PBXGroup;
			children = (
				A9A508AA17134B1D0029530C /* MSNavigationSwipeControllerDemo.app */,
			);
			name = Products;
			sourceTree = "<group>";
		};
		A9A508AC17134B1D0029530C /* Frameworks */ = {
			isa = PBXGroup;
			children = (
				A9A508AD17134B1D0029530C /* UIKit.framework */,
				A9A508AF17134B1D0029530C /* Foundation.framework */,
				A9A508B117134B1D0029530C /* CoreGraphics.framework */,
			);
			name = Frameworks;
			sourceTree = "<group>";
		};
		A9A508B317134B1D0029530C /* MSNavigationSwipeControllerDemo */ = {
			isa = PBXGroup;
			children = (
				A9A508BC17134B1D0029530C /* MSAppDelegate.h */,
				A9A508BD17134B1D0029530C /* MSAppDelegate.m */,
				A9A508C517134B1D0029530C /* MainStoryboard.storyboard */,
				A9A508D317134BA10029530C /* MSNavigationSwipeController */,
				A9A508B417134B1D0029530C /* Supporting Files */,
			);
			path = MSNavigationSwipeControllerDemo;
			sourceTree = "<group>";
		};
		A9A508B417134B1D0029530C /* Supporting Files */ = {
			isa = PBXGroup;
			children = (
				A9A508B517134B1D0029530C /* MSNavigationSwipeControllerDemo-Info.plist */,
				A9A508B617134B1D0029530C /* InfoPlist.strings */,
				A9A508B917134B1D0029530C /* main.m */,
				A9A508BB17134B1D0029530C /* MSNavigationSwipeControllerDemo-Prefix.pch */,
				A9A508BF17134B1D0029530C /* Default.png */,
				A9A508C117134B1D0029530C /* Default@2x.png */,
				A9A508C317134B1D0029530C /* Default-568h@2x.png */,
			);
			name = "Supporting Files";
			sourceTree = "<group>";
		};
		A9A508D317134BA10029530C /* MSNavigationSwipeController */ = {
			isa = PBXGroup;
			children = (
				A9A508D017134B530029530C /* MSNavigationSwipeController.h */,
				A9A508D117134B530029530C /* MSNavigationSwipeController.m */,
			);
			name = MSNavigationSwipeController;
			path = ../MSNavigationSwipeController;
			sourceTree = "<group>";
		};
/* End PBXGroup section */

/* Begin PBXNativeTarget section */
		A9A508A917134B1D0029530C /* MSNavigationSwipeControllerDemo */ = {
			isa = PBXNativeTarget;
			buildConfigurationList = A9A508CD17134B1D0029530C /* Build configuration list for PBXNativeTarget "MSNavigationSwipeControllerDemo" */;
			buildPhases = (
				A9A508A617134B1D0029530C /* Sources */,
				A9A508A717134B1D0029530C /* Frameworks */,
				A9A508A817134B1D0029530C /* Resources */,
			);
			buildRules = (
			);
			dependencies = (
			);
			name = MSNavigationSwipeControllerDemo;
			productName = MSNavigationSwipeControllerDemo;
			productReference = A9A508AA17134B1D0029530C /* MSNavigationSwipeControllerDemo.app */;
			productType = "com.apple.product-type.application";
		};
/* End PBXNativeTarget section */

/* Begin PBXProject section */
		A9A508A217134B1D0029530C /* Project object */ = {
			isa = PBXProject;
			attributes = {
				CLASSPREFIX = MS;
				LastUpgradeCheck = 0460;
				ORGANIZATIONNAME = "Marco Sero";
			};
			buildConfigurationList = A9A508A517134B1D0029530C /* Build configuration list for PBXProject "MSNavigationSwipeControllerDemo" */;
			compatibilityVersion = "Xcode 3.2";
			developmentRegion = English;
			hasScannedForEncodings = 0;
			knownRegions = (
				en,
			);
			mainGroup = A9A508A117134B1D0029530C;
			productRefGroup = A9A508AB17134B1D0029530C /* Products */;
			projectDirPath = "";
			projectRoot = "";
			targets = (
				A9A508A917134B1D0029530C /* MSNavigationSwipeControllerDemo */,
			);
		};
/* End PBXProject section */

/* Begin PBXResourcesBuildPhase section */
		A9A508A817134B1D0029530C /* Resources */ = {
			isa = PBXResourcesBuildPhase;
			buildActionMask = 2147483647;
			files = (
				A9A508B817134B1D0029530C /* InfoPlist.strings in Resources */,
				A9A508C017134B1D0029530C /* Default.png in Resources */,
				A9A508C217134B1D0029530C /* Default@2x.png in Resources */,
				A9A508C417134B1D0029530C /* Default-568h@2x.png in Resources */,
				A9A508C717134B1D0029530C /* MainStoryboard.storyboard in Resources */,
			);
			runOnlyForDeploymentPostprocessing = 0;
		};
/* End PBXResourcesBuildPhase section */

/* Begin PBXSourcesBuildPhase section */
		A9A508A617134B1D0029530C /* Sources */ = {
			isa = PBXSourcesBuildPhase;
			buildActionMask = 2147483647;
			files = (
				A9A508BA17134B1D0029530C /* main.m in Sources */,
				A9A508BE17134B1D0029530C /* MSAppDelegate.m in Sources */,
				A9A508D217134B530029530C /* MSNavigationSwipeController.m in Sources */,
			);
			runOnlyForDeploymentPostprocessing = 0;
		};
/* End PBXSourcesBuildPhase section */

/* Begin PBXVariantGroup section */
		A9A508B617134B1D0029530C /* InfoPlist.strings */ = {
			isa = PBXVariantGroup;
			children = (
				A9A508B717134B1D0029530C /* en */,
			);
			name = InfoPlist.strings;
			sourceTree = "<group>";
		};
		A9A508C517134B1D0029530C /* MainStoryboard.storyboard */ = {
			isa = PBXVariantGroup;
			children = (
				A9A508C617134B1D0029530C /* en */,
			);
			name = MainStoryboard.storyboard;
			sourceTree = "<group>";
		};
/* End PBXVariantGroup section */

/* Begin XCBuildConfiguration section */
		A9A508CB17134B1D0029530C /* Debug */ = {
			isa = XCBuildConfiguration;
			buildSettings = {
				ALWAYS_SEARCH_USER_PATHS = NO;
				CLANG_CXX_LANGUAGE_STANDARD = "gnu++0x";
				CLANG_CXX_LIBRARY = "libc++";
				CLANG_ENABLE_OBJC_ARC = YES;
				CLANG_WARN_CONSTANT_CONVERSION = YES;
				CLANG_WARN_EMPTY_BODY = YES;
				CLANG_WARN_ENUM_CONVERSION = YES;
				CLANG_WARN_INT_CONVERSION = YES;
				CLANG_WARN__DUPLICATE_METHOD_MATCH = YES;
				"CODE_SIGN_IDENTITY[sdk=iphoneos*]" = "iPhone Developer";
				COPY_PHASE_STRIP = NO;
				GCC_C_LANGUAGE_STANDARD = gnu99;
				GCC_DYNAMIC_NO_PIC = NO;
				GCC_OPTIMIZATION_LEVEL = 0;
				GCC_PREPROCESSOR_DEFINITIONS = (
					"DEBUG=1",
					"$(inherited)",
				);
				GCC_SYMBOLS_PRIVATE_EXTERN = NO;
				GCC_WARN_ABOUT_RETURN_TYPE = YES;
				GCC_WARN_UNINITIALIZED_AUTOS = YES;
				GCC_WARN_UNUSED_VARIABLE = YES;
				IPHONEOS_DEPLOYMENT_TARGET = 6.1;
				ONLY_ACTIVE_ARCH = YES;
				SDKROOT = iphoneos;
			};
			name = Debug;
		};
		A9A508CC17134B1D0029530C /* Release */ = {
			isa = XCBuildConfiguration;
			buildSettings = {
				ALWAYS_SEARCH_USER_PATHS = NO;
				CLANG_CXX_LANGUAGE_STANDARD = "gnu++0x";
				CLANG_CXX_LIBRARY = "libc++";
				CLANG_ENABLE_OBJC_ARC = YES;
				CLANG_WARN_CONSTANT_CONVERSION = YES;
				CLANG_WARN_EMPTY_BODY = YES;
				CLANG_WARN_ENUM_CONVERSION = YES;
				CLANG_WARN_INT_CONVERSION = YES;
				CLANG_WARN__DUPLICATE_METHOD_MATCH = YES;
				"CODE_SIGN_IDENTITY[sdk=iphoneos*]" = "iPhone Developer";
				COPY_PHASE_STRIP = YES;
				GCC_C_LANGUAGE_STANDARD = gnu99;
				GCC_WARN_ABOUT_RETURN_TYPE = YES;
				GCC_WARN_UNINITIALIZED_AUTOS = YES;
				GCC_WARN_UNUSED_VARIABLE = YES;
				IPHONEOS_DEPLOYMENT_TARGET = 6.1;
				OTHER_CFLAGS = "-DNS_BLOCK_ASSERTIONS=1";
				SDKROOT = iphoneos;
				VALIDATE_PRODUCT = YES;
			};
			name = Release;
		};
		A9A508CE17134B1D0029530C /* Debug */ = {
			isa = XCBuildConfiguration;
			buildSettings = {
				GCC_PRECOMPILE_PREFIX_HEADER = YES;
				GCC_PREFIX_HEADER = "MSNavigationSwipeControllerDemo/MSNavigationSwipeControllerDemo-Prefix.pch";
				INFOPLIST_FILE = "MSNavigationSwipeControllerDemo/MSNavigationSwipeControllerDemo-Info.plist";
				PRODUCT_NAME = "$(TARGET_NAME)";
				WRAPPER_EXTENSION = app;
			};
			name = Debug;
		};
		A9A508CF17134B1D0029530C /* Release */ = {
			isa = XCBuildConfiguration;
			buildSettings = {
				GCC_PRECOMPILE_PREFIX_HEADER = YES;
				GCC_PREFIX_HEADER = "MSNavigationSwipeControllerDemo/MSNavigationSwipeControllerDemo-Prefix.pch";
				INFOPLIST_FILE = "MSNavigationSwipeControllerDemo/MSNavigationSwipeControllerDemo-Info.plist";
				PRODUCT_NAME = "$(TARGET_NAME)";
				WRAPPER_EXTENSION = app;
			};
			name = Release;
		};
/* End XCBuildConfiguration section */

/* Begin XCConfigurationList section */
		A9A508A517134B1D0029530C /* Build configuration list for PBXProject "MSNavigationSwipeControllerDemo" */ = {
			isa = XCConfigurationList;
			buildConfigurations = (
				A9A508CB17134B1D0029530C /* Debug */,
				A9A508CC17134B1D0029530C /* Release */,
			);
			defaultConfigurationIsVisible = 0;
			defaultConfigurationName = Release;
		};
		A9A508CD17134B1D0029530C /* Build configuration list for PBXNativeTarget "MSNavigationSwipeControllerDemo" */ = {
			isa = XCConfigurationList;
			buildConfigurations = (
				A9A508CE17134B1D0029530C /* Debug */,
				A9A508CF17134B1D0029530C /* Release */,
			);
			defaultConfigurationIsVisible = 0;
			defaultConfigurationName = Release;
		};
/* End XCConfigurationList section */
	};
	rootObject = A9A508A217134B1D0029530C /* Project object */;
}
